
Microsoft Visual Studio Solution File, Format Version 12.00
# Visual Studio Version 16
VisualStudioVersion = 16.0.810.11
MinimumVisualStudioVersion = 10.0.40219.1
Project("{FAE04EC0-301F-11D3-BF4B-00C04F79EFBC}") = "NumbersGame", "NumbersGame.csproj", "{AC2EC710-1DA4-40FC-BB42-214BCD664BB2}"
EndProject
Global
	GlobalSection(SolutionConfigurationPlatforms) = preSolution
		Debug|Any CPU = Debug|Any CPU
		Release|Any CPU = Release|Any CPU
	EndGlobalSection
	GlobalSection(ProjectConfigurationPlatforms) = postSolution
		{AC2EC710-1DA4-40FC-BB42-214BCD664BB2}.Debug|Any CPU.ActiveCfg = Debug|Any CPU
		{AC2EC710-1DA4-40FC-BB42-214BCD664BB2}.Debug|Any CPU.Build.0 = Debug|Any CPU
		{AC2EC710-1DA4-40FC-BB42-214BCD664BB2}.Release|Any CPU.ActiveCfg = Release|Any CPU
		{AC2EC710-1DA4-40FC-BB42-214BCD664BB2}.Release|Any CPU.Build.0 = Release|Any CPU
	EndGlobalSection
	GlobalSection(SolutionProperties) = preSolution
		HideSolutionNode = FALSE
	EndGlobalSection
	GlobalSection(ExtensibilityGlobals) = postSolution
		SolutionGuid = {C4569180-52FA-43DB-8610-8B79A22E350E}
	EndGlobalSection
EndGlobal
